
Microsoft Visual Studio Solution File, Format Version 12.00
# Visual Studio Version 16
VisualStudioVersion = 16.0.28803.452
MinimumVisualStudioVersion = 10.0.40219.1
Project("{FAE04EC0-301F-11D3-BF4B-00C04F79EFBC}") = "WindowsFormsApp2", "WindowsFormsApp2.csproj", "{E3AF1D0A-AFB4-4680-AFAA-04090019BA21}"
EndProject
Global
	GlobalSection(SolutionConfigurationPlatforms) = preSolution
		Debug|Any CPU = Debug|Any CPU
		Release|Any CPU = Release|Any CPU
	EndGlobalSection
	GlobalSection(ProjectConfigurationPlatforms) = postSolution
		{E3AF1D0A-AFB4-4680-AFAA-04090019BA21}.Debug|Any CPU.ActiveCfg = Debug|Any CPU
		{E3AF1D0A-AFB4-4680-AFAA-04090019BA21}.Debug|Any CPU.Build.0 = Debug|Any CPU
		{E3AF1D0A-AFB4-4680-AFAA-04090019BA21}.Release|Any CPU.ActiveCfg = Release|Any CPU
		{E3AF1D0A-AFB4-4680-AFAA-04090019BA21}.Release|Any CPU.Build.0 = Release|Any CPU
	EndGlobalSection
	GlobalSection(SolutionProperties) = preSolution
		HideSolutionNode = FALSE
	EndGlobalSection
	GlobalSection(ExtensibilityGlobals) = postSolution
		SolutionGuid = {724262CF-4005-4C7B-B4AE-2C7190E9BA6E}
	EndGlobalSection
EndGlobal
